{
    "_readme": [
        "This file locks the dependencies of your project to a known state",
        "Read more about it at https://getcomposer.org/doc/01-basic-usage.md#composer-lock-the-lock-file",
        "This file is @generated automatically"
    ],
    "content-hash": "04f109fbbc0520e9fec47e01cbc9fe2d",
    "packages": [
        {
            "name": "rudymas/pdo-ext",
            "version": "dev-master",
            "source": {
                "type": "git",
                "url": "https://github.com/RudyMas/pdoext.git",
                "reference": "efa29b871f34ce6838fc9d97db3e6899a6aa4c2a"
            },
            "dist": {
                "type": "zip",
                "url": "https://api.github.com/repos/RudyMas/pdoext/zipball/efa29b871f34ce6838fc9d97db3e6899a6aa4c2a",
                "reference": "efa29b871f34ce6838fc9d97db3e6899a6aa4c2a",
                "shasum": ""
            },
            "require": {
                "php": ">= 7.1"
            },
            "type": "library",
            "autoload": {
                "psr-4": {
                    "RudyMas\\PDOExt\\": "src/"
                }
            },
            "notification-url": "https://packagist.org/downloads/",
            "license": [
                "GPL-3.0"
            ],
            "authors": [
                {
                    "name": "Rudy Mas",
                    "email": "rudy.mas@rmsoft.be"
                }
            ],
            "description": "A PDO extension class",
            "time": "2017-12-16T16:14:24+00:00"
        }
    ],
    "packages-dev": [],
    "aliases": [],
    "minimum-stability": "dev",
    "stability-flags": [],
    "prefer-stable": false,
    "prefer-lowest": false,
    "platform": {
        "php": ">= 7.1"
    },
    "platform-dev": []
}
