{
    "_readme": [
        "This file locks the dependencies of your project to a known state",
        "Read more about it at https://getcomposer.org/doc/01-basic-usage.md#installing-dependencies",
        "This file is @generated automatically"
    ],
    "content-hash": "90fce2691fca7d1d4d72ea4d971da9b6",
    "packages": [
        {
            "name": "rudymas/pdo-ext",
            "version": "dev-master",
            "source": {
                "type": "git",
                "url": "https://github.com/RudyMas/pdoext.git",
                "reference": "f45109c3bb3171f8f28a7d22331188a6d4533e58"
            },
            "dist": {
                "type": "zip",
                "url": "https://api.github.com/repos/RudyMas/pdoext/zipball/f45109c3bb3171f8f28a7d22331188a6d4533e58",
                "reference": "f45109c3bb3171f8f28a7d22331188a6d4533e58",
                "shasum": ""
            },
            "require": {
                "php": ">= 7.1"
            },
            "type": "library",
            "autoload": {
                "classmap": [
                    "src/"
                ],
                "psr-4": {
                    "RudyMas\\PDOExt\\": "src/"
                }
            },
            "notification-url": "https://packagist.org/downloads/",
            "license": [
                "GPL-3.0-or-later"
            ],
            "authors": [
                {
                    "name": "Rudy Mas",
                    "email": "rudy.mas@rmsoft.be",
                    "homepage": "http://www.rmsoft.be",
                    "role": "Developer"
                }
            ],
            "description": "A PDO extension class",
            "time": "2018-06-14T12:39:18+00:00"
        }
    ],
    "packages-dev": [],
    "aliases": [],
    "minimum-stability": "dev",
    "stability-flags": [],
    "prefer-stable": false,
    "prefer-lowest": false,
    "platform": {
        "php": ">= 7.1"
    },
    "platform-dev": []
}
